
Microsoft Visual Studio Solution File, Format Version 12.00
# Visual Studio 15
Project("{FAE04EC0-301F-11D3-BF4B-00C04F79EFBC}") = "project_2", "project_2\project_2.csproj", "{BDEBA986-61D6-4FD9-A97E-336A74CB5FB0}"
EndProject
Global
	GlobalSection(SolutionConfigurationPlatforms) = preSolution
		Debug|Any CPU = Debug|Any CPU
		Release|Any CPU = Release|Any CPU
	EndGlobalSection
	GlobalSection(ProjectConfigurationPlatforms) = postSolution
		{BDEBA986-61D6-4FD9-A97E-336A74CB5FB0}.Debug|Any CPU.ActiveCfg = Debug|Any CPU
		{BDEBA986-61D6-4FD9-A97E-336A74CB5FB0}.Debug|Any CPU.Build.0 = Debug|Any CPU
		{BDEBA986-61D6-4FD9-A97E-336A74CB5FB0}.Release|Any CPU.ActiveCfg = Release|Any CPU
		{BDEBA986-61D6-4FD9-A97E-336A74CB5FB0}.Release|Any CPU.Build.0 = Release|Any CPU
	EndGlobalSection
EndGlobal
